---
version: 1
cacheKey: 0
---

# This file is generated by running "ocebuild" inside your project.
# Manual changes might be lost - proceed with caution!

dependencies:
  ACPI:
    SSDT-EC:
      path: './ACPI/SSDT-EC.aml'
      resolution: 'SSDT-EC@file:ACPI/SSDT-EC.aml#checksum=e57b6633901534eb65f420dba38ab59ddbd28e955ecee7d57e35a69d4fda1dab'
      specifier: 'SSDT-EC@file:ACPI/SSDT-EC.aml'
      kind: SSDT
      revision: '{ SHA256: e57b6633901534eb65f420dba38ab59ddbd28e955ecee7d57e35a69d4fda1dab }'
    SSDT-PLUG:
      path: './ACPI/SSDT-PLUG.aml'
      resolution: 'SSDT-PLUG@file:ACPI/SSDT-PLUG.aml#checksum=ec85510af32717d4f9582eb46d84ea6e6c2398d1d2c99c2ea68a627e5c3cd188'
      specifier: 'SSDT-PLUG@file:ACPI/SSDT-PLUG.aml'
      kind: SSDT
      revision: '{ SHA256: ec85510af32717d4f9582eb46d84ea6e6c2398d1d2c99c2ea68a627e5c3cd188 }'
    SSDT-PNLF:
      path: './ACPI/SSDT-PNLF.aml'
      resolution: 'SSDT-PNLF@file:ACPI/SSDT-PNLF.aml#checksum=6428d8bd9d94f7ca8428308b317b0edabec61e10825a8b6e5153f3eede6b7588'
      specifier: 'SSDT-PNLF@file:ACPI/SSDT-PNLF.aml'
      kind: SSDT
      revision: '{ SHA256: 6428d8bd9d94f7ca8428308b317b0edabec61e10825a8b6e5153f3eede6b7588 }'
    SSDT-RTCAWAC:
      path: './ACPI/SSDT-RTCAWAC.aml'
      resolution: 'SSDT-RTCAWAC@file:ACPI/SSDT-RTCAWAC.aml#checksum=9472457baf69c4d3dbcb4079ab4a33dcd79f7b04be8407dae238925d9e4e8c08'
      specifier: 'SSDT-RTCAWAC@file:ACPI/SSDT-RTCAWAC.aml'
      kind: SSDT
      revision: '{ SHA256: 9472457baf69c4d3dbcb4079ab4a33dcd79f7b04be8407dae238925d9e4e8c08 }'
    SSDT-XOSI:
      path: './ACPI/SSDT-XOSI.aml'
      resolution: 'SSDT-XOSI@file:ACPI/SSDT-XOSI.aml#checksum=1e2a0b75c3a5ade608eb097f47bdcb686fa4b7d8c884e632ca6d26b7fb13be38'
      specifier: 'SSDT-XOSI@file:ACPI/SSDT-XOSI.aml'
      kind: SSDT
      revision: '{ SHA256: 1e2a0b75c3a5ade608eb097f47bdcb686fa4b7d8c884e632ca6d26b7fb13be38 }'
  Kexts:
    AppleALC:
      build: DEBUG
      version: 1.9.6
      url: 'https://github.com/dortania/build-repo/releases/download/AppleALC-8d75f0f/AppleALC-1.9.6-DEBUG.zip'
      resolution: 'acidanthera/AppleALC@github:1.9.6#commit=8d75f0feb6f14a1d9699ea1e87202f4776ff6c37'
      specifier: 'acidanthera/AppleALC@github'
      kind: Kext
      revision: '{ SHA1: 8d75f0feb6f14a1d9699ea1e87202f4776ff6c37 }'
    Lilu:
      build: DEBUG
      version: 1.7.2
      url: 'https://github.com/dortania/build-repo/releases/download/Lilu-161537e/Lilu-1.7.2-DEBUG.zip'
      resolution: 'acidanthera/Lilu@github:1.7.2#commit=161537ec43a19abf38adb44543ded273305d7bf0'
      specifier: 'acidanthera/Lilu@github'
      kind: Kext
      revision: '{ SHA1: 161537ec43a19abf38adb44543ded273305d7bf0 }'
    VirtualSMC:
      build: DEBUG
      version: 1.3.8
      url: 'https://github.com/dortania/build-repo/releases/download/VirtualSMC-55b89a2/VirtualSMC-1.3.8-DEBUG.zip'
      resolution: 'acidanthera/VirtualSMC@github:1.3.8#commit=55b89a23f51beda82581dbab795615838a3e6e56'
      specifier: 'acidanthera/VirtualSMC@github'
      kind: Kext
      revision: '{ SHA1: 55b89a23f51beda82581dbab795615838a3e6e56 }'
    VoodooI2C:
      build: DEBUG
      version: 2.9.1
      url: 'https://github.com/VoodooI2C/VoodooI2C/releases/download/v2.9.1/VoodooI2C-2.9.1-DEBUG.zip'
      resolution: 'VoodooI2C/VoodooI2C@github:2.9.1#commit=e3ac3ed207170c39db88d6a67a76cc9fd3a1895a'
      specifier: 'VoodooI2C/VoodooI2C@github:latest'
      kind: Kext
      revision: '{ SHA1: e3ac3ed207170c39db88d6a67a76cc9fd3a1895a }'
    VoodooPS2:
      build: DEBUG
      version: 2.3.7
      url: 'https://github.com/acidanthera/VoodooPS2/releases/download/2.3.7/VoodooPS2Controller-2.3.7-DEBUG.zip'
      resolution: 'acidanthera/VoodooPS2@github:2.3.7#commit=bdbf80639936701337f4574bae8c3ea25bb8dd3d'
      specifier: 'acidanthera/VoodooPS2@github:latest'
      kind: Kext
      revision: '{ SHA1: bdbf80639936701337f4574bae8c3ea25bb8dd3d }'
    WhateverGreen:
      build: DEBUG
      version: 1.7.1
      url: 'https://github.com/dortania/build-repo/releases/download/WhateverGreen-ba8050c/WhateverGreen-1.7.1-DEBUG.zip'
      resolution: 'acidanthera/WhateverGreen@github:1.7.1#commit=ba8050c3e45988943a4bd274d306f0c778a7224a'
      specifier: 'acidanthera/WhateverGreen@github'
      kind: Kext
      revision: '{ SHA1: ba8050c3e45988943a4bd274d306f0c778a7224a }'
  OpenCorePkg:
    OcBinaryData:
      build: DEBUG
      url: 'https://github.com/acidanthera/OcBinaryData/archive/3b2e3749975714f5329bea00bdffec8233c02385.tar.gz'
      resolution: 'acidanthera/OcBinaryData@github#commit=3b2e3749975714f5329bea00bdffec8233c02385'
      specifier: 'acidanthera/OcBinaryData@github:latest'
      kind: Binary
      revision: '{ SHA1: 3b2e3749975714f5329bea00bdffec8233c02385 }'
    OpenCore:
      build: DEBUG
      version: 1.0.5
      url: 'https://github.com/acidanthera/OpenCorePkg/releases/download/1.0.5/OpenCore-1.0.5-DEBUG.zip'
      resolution: 'acidanthera/OpenCorePkg@github:1.0.5#commit=e8437f737708c7151b243d967f9ceca54193d97e'
      specifier: 'acidanthera/OpenCorePkg@github:latest'
      kind: Binary
      revision: '{ SHA1: e8437f737708c7151b243d967f9ceca54193d97e }'